
Microsoft Visual Studio Solution File, Format Version 11.00
# Visual Studio 2010
Project("{FAE04EC0-301F-11D3-BF4B-00C04F79EFBC}") = "Magic Wheels prototype", "Assembly-CSharp.csproj", "{160552F1-C0FF-DC41-5AE0-E45A33D19F5A}"
EndProject
Project("{FAE04EC0-301F-11D3-BF4B-00C04F79EFBC}") = "Magic Wheels prototype", "Assembly-CSharp-firstpass.csproj", "{3D7678FD-4A32-F770-A7C6-0E2229EE36DF}"
EndProject
Project("{FAE04EC0-301F-11D3-BF4B-00C04F79EFBC}") = "Magic Wheels prototype", "Assembly-CSharp-Editor-firstpass.csproj", "{22C2A730-83DD-07BA-9AC0-5038E329282A}"
EndProject
Project("{FAE04EC0-301F-11D3-BF4B-00C04F79EFBC}") = "Magic Wheels prototype", "Assembly-CSharp-Editor.csproj", "{52000461-190A-0550-1526-0485FD7043DE}"
EndProject
Global
	GlobalSection(SolutionConfigurationPlatforms) = preSolution
		Debug|Any CPU = Debug|Any CPU
		Release|Any CPU = Release|Any CPU
	EndGlobalSection
	GlobalSection(ProjectConfigurationPlatforms) = postSolution
		{160552F1-C0FF-DC41-5AE0-E45A33D19F5A}.Debug|Any CPU.ActiveCfg = Debug|Any CPU
		{160552F1-C0FF-DC41-5AE0-E45A33D19F5A}.Debug|Any CPU.Build.0 = Debug|Any CPU
		{160552F1-C0FF-DC41-5AE0-E45A33D19F5A}.Release|Any CPU.ActiveCfg = Release|Any CPU
		{160552F1-C0FF-DC41-5AE0-E45A33D19F5A}.Release|Any CPU.Build.0 = Release|Any CPU
		{3D7678FD-4A32-F770-A7C6-0E2229EE36DF}.Debug|Any CPU.ActiveCfg = Debug|Any CPU
		{3D7678FD-4A32-F770-A7C6-0E2229EE36DF}.Debug|Any CPU.Build.0 = Debug|Any CPU
		{3D7678FD-4A32-F770-A7C6-0E2229EE36DF}.Release|Any CPU.ActiveCfg = Release|Any CPU
		{3D7678FD-4A32-F770-A7C6-0E2229EE36DF}.Release|Any CPU.Build.0 = Release|Any CPU
		{22C2A730-83DD-07BA-9AC0-5038E329282A}.Debug|Any CPU.ActiveCfg = Debug|Any CPU
		{22C2A730-83DD-07BA-9AC0-5038E329282A}.Debug|Any CPU.Build.0 = Debug|Any CPU
		{22C2A730-83DD-07BA-9AC0-5038E329282A}.Release|Any CPU.ActiveCfg = Release|Any CPU
		{22C2A730-83DD-07BA-9AC0-5038E329282A}.Release|Any CPU.Build.0 = Release|Any CPU
		{52000461-190A-0550-1526-0485FD7043DE}.Debug|Any CPU.ActiveCfg = Debug|Any CPU
		{52000461-190A-0550-1526-0485FD7043DE}.Debug|Any CPU.Build.0 = Debug|Any CPU
		{52000461-190A-0550-1526-0485FD7043DE}.Release|Any CPU.ActiveCfg = Release|Any CPU
		{52000461-190A-0550-1526-0485FD7043DE}.Release|Any CPU.Build.0 = Release|Any CPU
	EndGlobalSection
	GlobalSection(SolutionProperties) = preSolution
		HideSolutionNode = FALSE
	EndGlobalSection
	GlobalSection(MonoDevelopProperties) = preSolution
		StartupItem = Assembly-CSharp.csproj
	EndGlobalSection
EndGlobal
